// !$*UTF8*$!
{
	archiveVersion = 1;
	classes = {
	};
	objectVersion = 48;
	objects = {

/* Begin PBXBuildFile section */
		AE6EBF241F07A82A00391963 /* AppDelegate.swift in Sources */ = {isa = PBXBuildFile; fileRef = AE6EBF231F07A82A00391963 /* AppDelegate.swift */; };
		AE6EBF261F07A82A00391963 /* art.scnassets in Resources */ = {isa = PBXBuildFile; fileRef = AE6EBF251F07A82A00391963 /* art.scnassets */; };
		AE6EBF281F07A82A00391963 /* ViewController.swift in Sources */ = {isa = PBXBuildFile; fileRef = AE6EBF271F07A82A00391963 /* ViewController.swift */; };
		AE6EBF2B1F07A82A00391963 /* Main.storyboard in Resources */ = {isa = PBXBuildFile; fileRef = AE6EBF291F07A82A00391963 /* Main.storyboard */; };
		AE6EBF2D1F07A82A00391963 /* Assets.xcassets in Resources */ = {isa = PBXBuildFile; fileRef = AE6EBF2C1F07A82A00391963 /* Assets.xcassets */; };
		AE6EBF301F07A82A00391963 /* LaunchScreen.storyboard in Resources */ = {isa = PBXBuildFile; fileRef = AE6EBF2E1F07A82A00391963 /* LaunchScreen.storyboard */; };
/* End PBXBuildFile section */

/* Begin PBXFileReference section */
		AE6EBF201F07A82A00391963 /* Stereoscopic-ARKit-Template.app */ = {isa = PBXFileReference; explicitFileType = wrapper.application; includeInIndex = 0; path = "Stereoscopic-ARKit-Template.app"; sourceTree = BUILT_PRODUCTS_DIR; };
		AE6EBF231F07A82A00391963 /* AppDelegate.swift */ = {isa = PBXFileReference; lastKnownFileType = sourcecode.swift; path = AppDelegate.swift; sourceTree = "<group>"; };
		AE6EBF251F07A82A00391963 /* art.scnassets */ = {isa = PBXFileReference; lastKnownFileType = wrapper.scnassets; path = art.scnassets; sourceTree = "<group>"; };
		AE6EBF271F07A82A00391963 /* ViewController.swift */ = {isa = PBXFileReference; lastKnownFileType = sourcecode.swift; path = ViewController.swift; sourceTree = "<group>"; };
		AE6EBF2A1F07A82A00391963 /* Base */ = {isa = PBXFileReference; lastKnownFileType = file.storyboard; name = Base; path = Base.lproj/Main.storyboard; sourceTree = "<group>"; };
		AE6EBF2C1F07A82A00391963 /* Assets.xcassets */ = {isa = PBXFileReference; lastKnownFileType = folder.assetcatalog; path = Assets.xcassets; sourceTree = "<group>"; };
		AE6EBF2F1F07A82A00391963 /* Base */ = {isa = PBXFileReference; lastKnownFileType = file.storyboard; name = Base; path = Base.lproj/LaunchScreen.storyboard; sourceTree = "<group>"; };
		AE6EBF311F07A82A00391963 /* Info.plist */ = {isa = PBXFileReference; lastKnownFileType = text.plist.xml; path = Info.plist; sourceTree = "<group>"; };
/* End PBXFileReference section */

/* Begin PBXFrameworksBuildPhase section */
		AE6EBF1D1F07A82A00391963 /* Frameworks */ = {
			isa = PBXFrameworksBuildPhase;
			buildActionMask = 2147483647;
			files = (
			);
			runOnlyForDeploymentPostprocessing = 0;
		};
/* End PBXFrameworksBuildPhase section */

/* Begin PBXGroup section */
		AE6EBF171F07A82A00391963 = {
			isa = PBXGroup;
			children = (
				AE6EBF221F07A82A00391963 /* Stereoscopic-ARKit-Template */,
				AE6EBF211F07A82A00391963 /* Products */,
			);
			sourceTree = "<group>";
		};
		AE6EBF211F07A82A00391963 /* Products */ = {
			isa = PBXGroup;
			children = (
				AE6EBF201F07A82A00391963 /* Stereoscopic-ARKit-Template.app */,
			);
			name = Products;
			sourceTree = "<group>";
		};
		AE6EBF221F07A82A00391963 /* Stereoscopic-ARKit-Template */ = {
			isa = PBXGroup;
			children = (
				AE6EBF231F07A82A00391963 /* AppDelegate.swift */,
				AE6EBF251F07A82A00391963 /* art.scnassets */,
				AE6EBF271F07A82A00391963 /* ViewController.swift */,
				AE6EBF291F07A82A00391963 /* Main.storyboard */,
				AE6EBF2C1F07A82A00391963 /* Assets.xcassets */,
				AE6EBF2E1F07A82A00391963 /* LaunchScreen.storyboard */,
				AE6EBF311F07A82A00391963 /* Info.plist */,
			);
			path = "Stereoscopic-ARKit-Template";
			sourceTree = "<group>";
		};
/* End PBXGroup section */

/* Begin PBXNativeTarget section */
		AE6EBF1F1F07A82A00391963 /* Stereoscopic-ARKit-Template */ = {
			isa = PBXNativeTarget;
			buildConfigurationList = AE6EBF341F07A82A00391963 /* Build configuration list for PBXNativeTarget "Stereoscopic-ARKit-Template" */;
			buildPhases = (
				AE6EBF1C1F07A82A00391963 /* Sources */,
				AE6EBF1D1F07A82A00391963 /* Frameworks */,
				AE6EBF1E1F07A82A00391963 /* Resources */,
			);
			buildRules = (
			);
			dependencies = (
			);
			name = "Stereoscopic-ARKit-Template";
			productName = "Stereoscopic-ARKit-Template";
			productReference = AE6EBF201F07A82A00391963 /* Stereoscopic-ARKit-Template.app */;
			productType = "com.apple.product-type.application";
		};
/* End PBXNativeTarget section */

/* Begin PBXProject section */
		AE6EBF181F07A82A00391963 /* Project object */ = {
			isa = PBXProject;
			attributes = {
				LastSwiftUpdateCheck = 0900;
				LastUpgradeCheck = 0900;
				ORGANIZATIONNAME = CompanyName;
				TargetAttributes = {
					AE6EBF1F1F07A82A00391963 = {
						CreatedOnToolsVersion = 9.0;
					};
				};
			};
			buildConfigurationList = AE6EBF1B1F07A82A00391963 /* Build configuration list for PBXProject "Stereoscopic-ARKit-Template" */;
			compatibilityVersion = "Xcode 8.0";
			developmentRegion = en;
			hasScannedForEncodings = 0;
			knownRegions = (
				en,
				Base,
			);
			mainGroup = AE6EBF171F07A82A00391963;
			productRefGroup = AE6EBF211F07A82A00391963 /* Products */;
			projectDirPath = "";
			projectRoot = "";
			targets = (
				AE6EBF1F1F07A82A00391963 /* Stereoscopic-ARKit-Template */,
			);
		};
/* End PBXProject section */

/* Begin PBXResourcesBuildPhase section */
		AE6EBF1E1F07A82A00391963 /* Resources */ = {
			isa = PBXResourcesBuildPhase;
			buildActionMask = 2147483647;
			files = (
				AE6EBF261F07A82A00391963 /* art.scnassets in Resources */,
				AE6EBF301F07A82A00391963 /* LaunchScreen.storyboard in Resources */,
				AE6EBF2D1F07A82A00391963 /* Assets.xcassets in Resources */,
				AE6EBF2B1F07A82A00391963 /* Main.storyboard in Resources */,
			);
			runOnlyForDeploymentPostprocessing = 0;
		};
/* End PBXResourcesBuildPhase section */

/* Begin PBXSourcesBuildPhase section */
		AE6EBF1C1F07A82A00391963 /* Sources */ = {
			isa = PBXSourcesBuildPhase;
			buildActionMask = 2147483647;
			files = (
				AE6EBF281F07A82A00391963 /* ViewController.swift in Sources */,
				AE6EBF241F07A82A00391963 /* AppDelegate.swift in Sources */,
			);
			runOnlyForDeploymentPostprocessing = 0;
		};
/* End PBXSourcesBuildPhase section */

/* Begin PBXVariantGroup section */
		AE6EBF291F07A82A00391963 /* Main.storyboard */ = {
			isa = PBXVariantGroup;
			children = (
				AE6EBF2A1F07A82A00391963 /* Base */,
			);
			name = Main.storyboard;
			sourceTree = "<group>";
		};
		AE6EBF2E1F07A82A00391963 /* LaunchScreen.storyboard */ = {
			isa = PBXVariantGroup;
			children = (
				AE6EBF2F1F07A82A00391963 /* Base */,
			);
			name = LaunchScreen.storyboard;
			sourceTree = "<group>";
		};
/* End PBXVariantGroup section */

/* Begin XCBuildConfiguration section */
		AE6EBF321F07A82A00391963 /* Debug */ = {
			isa = XCBuildConfiguration;
			buildSettings = {
				ALWAYS_SEARCH_USER_PATHS = NO;
				CLANG_ANALYZER_NONNULL = YES;
				CLANG_ANALYZER_NUMBER_OBJECT_CONVERSION = YES_AGGRESSIVE;
				CLANG_CXX_LANGUAGE_STANDARD = "gnu++14";
				CLANG_CXX_LIBRARY = "libc++";
				CLANG_ENABLE_MODULES = YES;
				CLANG_ENABLE_OBJC_ARC = YES;
				CLANG_WARN_BLOCK_CAPTURE_AUTORELEASING = YES;
				CLANG_WARN_BOOL_CONVERSION = YES;
				CLANG_WARN_COMMA = YES;
				CLANG_WARN_CONSTANT_CONVERSION = YES;
				CLANG_WARN_DIRECT_OBJC_ISA_USAGE = YES_ERROR;
				CLANG_WARN_DOCUMENTATION_COMMENTS = YES;
				CLANG_WARN_EMPTY_BODY = YES;
				CLANG_WARN_ENUM_CONVERSION = YES;
				CLANG_WARN_INFINITE_RECURSION = YES;
				CLANG_WARN_INT_CONVERSION = YES;
				CLANG_WARN_OBJC_ROOT_CLASS = YES_ERROR;
				CLANG_WARN_RANGE_LOOP_ANALYSIS = YES;
				CLANG_WARN_STRICT_PROTOTYPES = YES;
				CLANG_WARN_SUSPICIOUS_MOVE = YES;
				CLANG_WARN_UNGUARDED_AVAILABILITY = YES_AGGRESSIVE;
				CLANG_WARN_UNREACHABLE_CODE = YES;
				CLANG_WARN__DUPLICATE_METHOD_MATCH = YES;
				CODE_SIGN_IDENTITY = "iPhone Developer";
				COPY_PHASE_STRIP = NO;
				DEBUG_INFORMATION_FORMAT = dwarf;
				ENABLE_STRICT_OBJC_MSGSEND = YES;
				ENABLE_TESTABILITY = YES;
				GCC_C_LANGUAGE_STANDARD = gnu11;
				GCC_DYNAMIC_NO_PIC = NO;
				GCC_NO_COMMON_BLOCKS = YES;
				GCC_OPTIMIZATION_LEVEL = 0;
				GCC_PREPROCESSOR_DEFINITIONS = (
					"DEBUG=1",
					"$(inherited)",
				);
				GCC_WARN_64_TO_32_BIT_CONVERSION = YES;
				GCC_WARN_ABOUT_RETURN_TYPE = YES_ERROR;
				GCC_WARN_UNDECLARED_SELECTOR = YES;
				GCC_WARN_UNINITIALIZED_AUTOS = YES_AGGRESSIVE;
				GCC_WARN_UNUSED_FUNCTION = YES;
				GCC_WARN_UNUSED_VARIABLE = YES;
				IPHONEOS_DEPLOYMENT_TARGET = 11.0;
				MTL_ENABLE_DEBUG_INFO = YES;
				ONLY_ACTIVE_ARCH = YES;
				SDKROOT = iphoneos;
				SWIFT_ACTIVE_COMPILATION_CONDITIONS = DEBUG;
				SWIFT_OPTIMIZATION_LEVEL = "-Onone";
			};
			name = Debug;
		};
		AE6EBF331F07A82A00391963 /* Release */ = {
			isa = XCBuildConfiguration;
			buildSettings = {
				ALWAYS_SEARCH_USER_PATHS = NO;
				CLANG_ANALYZER_NONNULL = YES;
				CLANG_ANALYZER_NUMBER_OBJECT_CONVERSION = YES_AGGRESSIVE;
				CLANG_CXX_LANGUAGE_STANDARD = "gnu++14";
				CLANG_CXX_LIBRARY = "libc++";
				CLANG_ENABLE_MODULES = YES;
				CLANG_ENABLE_OBJC_ARC = YES;
				CLANG_WARN_BLOCK_CAPTURE_AUTORELEASING = YES;
				CLANG_WARN_BOOL_CONVERSION = YES;
				CLANG_WARN_COMMA = YES;
				CLANG_WARN_CONSTANT_CONVERSION = YES;
				CLANG_WARN_DIRECT_OBJC_ISA_USAGE = YES_ERROR;
				CLANG_WARN_DOCUMENTATION_COMMENTS = YES;
				CLANG_WARN_EMPTY_BODY = YES;
				CLANG_WARN_ENUM_CONVERSION = YES;
				CLANG_WARN_INFINITE_RECURSION = YES;
				CLANG_WARN_INT_CONVERSION = YES;
				CLANG_WARN_OBJC_ROOT_CLASS = YES_ERROR;
				CLANG_WARN_RANGE_LOOP_ANALYSIS = YES;
				CLANG_WARN_STRICT_PROTOTYPES = YES;
				CLANG_WARN_SUSPICIOUS_MOVE = YES;
				CLANG_WARN_UNGUARDED_AVAILABILITY = YES_AGGRESSIVE;
				CLANG_WARN_UNREACHABLE_CODE = YES;
				CLANG_WARN__DUPLICATE_METHOD_MATCH = YES;
				CODE_SIGN_IDENTITY = "iPhone Developer";
				COPY_PHASE_STRIP = NO;
				DEBUG_INFORMATION_FORMAT = "dwarf-with-dsym";
				ENABLE_NS_ASSERTIONS = NO;
				ENABLE_STRICT_OBJC_MSGSEND = YES;
				GCC_C_LANGUAGE_STANDARD = gnu11;
				GCC_NO_COMMON_BLOCKS = YES;
				GCC_WARN_64_TO_32_BIT_CONVERSION = YES;
				GCC_WARN_ABOUT_RETURN_TYPE = YES_ERROR;
				GCC_WARN_UNDECLARED_SELECTOR = YES;
				GCC_WARN_UNINITIALIZED_AUTOS = YES_AGGRESSIVE;
				GCC_WARN_UNUSED_FUNCTION = YES;
				GCC_WARN_UNUSED_VARIABLE = YES;
				IPHONEOS_DEPLOYMENT_TARGET = 11.0;
				MTL_ENABLE_DEBUG_INFO = NO;
				SDKROOT = iphoneos;
				SWIFT_OPTIMIZATION_LEVEL = "-Owholemodule";
				VALIDATE_PRODUCT = YES;
			};
			name = Release;
		};
		AE6EBF351F07A82A00391963 /* Debug */ = {
			isa = XCBuildConfiguration;
			buildSettings = {
				ASSETCATALOG_COMPILER_APPICON_NAME = AppIcon;
				INFOPLIST_FILE = "Stereoscopic-ARKit-Template/Info.plist";
				LD_RUNPATH_SEARCH_PATHS = "$(inherited) @executable_path/Frameworks";
				PRODUCT_BUNDLE_IDENTIFIER = "com.yourcompanyname.Stereoscopic-ARKit-Template";
				PRODUCT_NAME = "$(TARGET_NAME)";
				SWIFT_VERSION = 4.0;
				TARGETED_DEVICE_FAMILY = "1,2";
			};
			name = Debug;
		};
		AE6EBF361F07A82A00391963 /* Release */ = {
			isa = XCBuildConfiguration;
			buildSettings = {
				ASSETCATALOG_COMPILER_APPICON_NAME = AppIcon;
				INFOPLIST_FILE = "Stereoscopic-ARKit-Template/Info.plist";
				LD_RUNPATH_SEARCH_PATHS = "$(inherited) @executable_path/Frameworks";
				PRODUCT_BUNDLE_IDENTIFIER = "com.yourcompanyname.Stereoscopic-ARKit-Template";
				PRODUCT_NAME = "$(TARGET_NAME)";
				SWIFT_VERSION = 4.0;
				TARGETED_DEVICE_FAMILY = "1,2";
			};
			name = Release;
		};
/* End XCBuildConfiguration section */

/* Begin XCConfigurationList section */
		AE6EBF1B1F07A82A00391963 /* Build configuration list for PBXProject "Stereoscopic-ARKit-Template" */ = {
			isa = XCConfigurationList;
			buildConfigurations = (
				AE6EBF321F07A82A00391963 /* Debug */,
				AE6EBF331F07A82A00391963 /* Release */,
			);
			defaultConfigurationIsVisible = 0;
			defaultConfigurationName = Release;
		};
		AE6EBF341F07A82A00391963 /* Build configuration list for PBXNativeTarget "Stereoscopic-ARKit-Template" */ = {
			isa = XCConfigurationList;
			buildConfigurations = (
				AE6EBF351F07A82A00391963 /* Debug */,
				AE6EBF361F07A82A00391963 /* Release */,
			);
			defaultConfigurationIsVisible = 0;
		};
/* End XCConfigurationList section */
	};
	rootObject = AE6EBF181F07A82A00391963 /* Project object */;
}
